
Microsoft Visual Studio Solution File, Format Version 12.00
# Visual Studio Version 17
VisualStudioVersion = 17.0.31903.59
MinimumVisualStudioVersion = 10.0.40219.1
Project("{2150E333-8FDC-42A3-9474-1A3956D46DE8}") = "src", "src", "{827E0CD3-B72D-47B6-A68D-7590B98EB39B}"
EndProject
Project("{FAE04EC0-301F-11D3-BF4B-00C04F79EFBC}") = "RealState.Application", "src\RealState.Application\RealState.Application.csproj", "{A44CCA2A-A7EE-4568-8A35-A0865F047FC3}"
EndProject
Project("{FAE04EC0-301F-11D3-BF4B-00C04F79EFBC}") = "RealState.Infrastructure", "src\RealState.Infrastructure\RealState.Infrastructure.csproj", "{9A3A1C36-73BA-494C-A18D-A6E26BFF469F}"
EndProject
Project("{FAE04EC0-301F-11D3-BF4B-00C04F79EFBC}") = "RealState.Web", "src\RealState.Web\RealState.Web.csproj", "{F5503DF0-9330-46DA-A51E-F04C9A021528}"
EndProject
Global
	GlobalSection(SolutionConfigurationPlatforms) = preSolution
		Debug|Any CPU = Debug|Any CPU
		Debug|x64 = Debug|x64
		Debug|x86 = Debug|x86
		Release|Any CPU = Release|Any CPU
		Release|x64 = Release|x64
		Release|x86 = Release|x86
	EndGlobalSection
	GlobalSection(ProjectConfigurationPlatforms) = postSolution
		{A44CCA2A-A7EE-4568-8A35-A0865F047FC3}.Debug|Any CPU.ActiveCfg = Debug|Any CPU
		{A44CCA2A-A7EE-4568-8A35-A0865F047FC3}.Debug|Any CPU.Build.0 = Debug|Any CPU
		{A44CCA2A-A7EE-4568-8A35-A0865F047FC3}.Debug|x64.ActiveCfg = Debug|Any CPU
		{A44CCA2A-A7EE-4568-8A35-A0865F047FC3}.Debug|x64.Build.0 = Debug|Any CPU
		{A44CCA2A-A7EE-4568-8A35-A0865F047FC3}.Debug|x86.ActiveCfg = Debug|Any CPU
		{A44CCA2A-A7EE-4568-8A35-A0865F047FC3}.Debug|x86.Build.0 = Debug|Any CPU
		{A44CCA2A-A7EE-4568-8A35-A0865F047FC3}.Release|Any CPU.ActiveCfg = Release|Any CPU
		{A44CCA2A-A7EE-4568-8A35-A0865F047FC3}.Release|Any CPU.Build.0 = Release|Any CPU
		{A44CCA2A-A7EE-4568-8A35-A0865F047FC3}.Release|x64.ActiveCfg = Release|Any CPU
		{A44CCA2A-A7EE-4568-8A35-A0865F047FC3}.Release|x64.Build.0 = Release|Any CPU
		{A44CCA2A-A7EE-4568-8A35-A0865F047FC3}.Release|x86.ActiveCfg = Release|Any CPU
		{A44CCA2A-A7EE-4568-8A35-A0865F047FC3}.Release|x86.Build.0 = Release|Any CPU
		{9A3A1C36-73BA-494C-A18D-A6E26BFF469F}.Debug|Any CPU.ActiveCfg = Debug|Any CPU
		{9A3A1C36-73BA-494C-A18D-A6E26BFF469F}.Debug|Any CPU.Build.0 = Debug|Any CPU
		{9A3A1C36-73BA-494C-A18D-A6E26BFF469F}.Debug|x64.ActiveCfg = Debug|Any CPU
		{9A3A1C36-73BA-494C-A18D-A6E26BFF469F}.Debug|x64.Build.0 = Debug|Any CPU
		{9A3A1C36-73BA-494C-A18D-A6E26BFF469F}.Debug|x86.ActiveCfg = Debug|Any CPU
		{9A3A1C36-73BA-494C-A18D-A6E26BFF469F}.Debug|x86.Build.0 = Debug|Any CPU
		{9A3A1C36-73BA-494C-A18D-A6E26BFF469F}.Release|Any CPU.ActiveCfg = Release|Any CPU
		{9A3A1C36-73BA-494C-A18D-A6E26BFF469F}.Release|Any CPU.Build.0 = Release|Any CPU
		{9A3A1C36-73BA-494C-A18D-A6E26BFF469F}.Release|x64.ActiveCfg = Release|Any CPU
		{9A3A1C36-73BA-494C-A18D-A6E26BFF469F}.Release|x64.Build.0 = Release|Any CPU
		{9A3A1C36-73BA-494C-A18D-A6E26BFF469F}.Release|x86.ActiveCfg = Release|Any CPU
		{9A3A1C36-73BA-494C-A18D-A6E26BFF469F}.Release|x86.Build.0 = Release|Any CPU
		{F5503DF0-9330-46DA-A51E-F04C9A021528}.Debug|Any CPU.ActiveCfg = Debug|Any CPU
		{F5503DF0-9330-46DA-A51E-F04C9A021528}.Debug|Any CPU.Build.0 = Debug|Any CPU
		{F5503DF0-9330-46DA-A51E-F04C9A021528}.Debug|x64.ActiveCfg = Debug|Any CPU
		{F5503DF0-9330-46DA-A51E-F04C9A021528}.Debug|x64.Build.0 = Debug|Any CPU
		{F5503DF0-9330-46DA-A51E-F04C9A021528}.Debug|x86.ActiveCfg = Debug|Any CPU
		{F5503DF0-9330-46DA-A51E-F04C9A021528}.Debug|x86.Build.0 = Debug|Any CPU
		{F5503DF0-9330-46DA-A51E-F04C9A021528}.Release|Any CPU.ActiveCfg = Release|Any CPU
		{F5503DF0-9330-46DA-A51E-F04C9A021528}.Release|Any CPU.Build.0 = Release|Any CPU
		{F5503DF0-9330-46DA-A51E-F04C9A021528}.Release|x64.ActiveCfg = Release|Any CPU
		{F5503DF0-9330-46DA-A51E-F04C9A021528}.Release|x64.Build.0 = Release|Any CPU
		{F5503DF0-9330-46DA-A51E-F04C9A021528}.Release|x86.ActiveCfg = Release|Any CPU
		{F5503DF0-9330-46DA-A51E-F04C9A021528}.Release|x86.Build.0 = Release|Any CPU
	EndGlobalSection
	GlobalSection(SolutionProperties) = preSolution
		HideSolutionNode = FALSE
	EndGlobalSection
	GlobalSection(NestedProjects) = preSolution
		{A44CCA2A-A7EE-4568-8A35-A0865F047FC3} = {827E0CD3-B72D-47B6-A68D-7590B98EB39B}
		{9A3A1C36-73BA-494C-A18D-A6E26BFF469F} = {827E0CD3-B72D-47B6-A68D-7590B98EB39B}
		{F5503DF0-9330-46DA-A51E-F04C9A021528} = {827E0CD3-B72D-47B6-A68D-7590B98EB39B}
	EndGlobalSection
EndGlobal
